{
  "name": "processing-large-reports-in-the-browser",
  "version": "1.0.0",
  "lockfileVersion": 2,
  "requires": true,
  "packages": {
    "": {
      "name": "processing-large-reports-in-the-browser",
      "version": "1.0.0",
      "license": "ISC",
      "devDependencies": {
        "browser-sync": "file:.2.27.11"
      }
    },
    ".2.27.11": {
      "dev": true
    },
    "node_modules/browser-sync": {
      "resolved": ".2.27.11",
      "link": true
    }
  },
  "dependencies": {
    "browser-sync": {
      "version": "file:.2.27.11"
    }
  }
}
